
Microsoft Visual Studio Solution File, Format Version 12.00
# Visual Studio Version 17
VisualStudioVersion = 17.12.35527.113 d17.12
MinimumVisualStudioVersion = 10.0.40219.1
Project("{FAE04EC0-301F-11D3-BF4B-00C04F79EFBC}") = "Migration-Devops-Data-JIRA", "Migration-Devops-Data-JIRA\Migration-Devops-Data-JIRA.csproj", "{3095850F-A3A4-4720-9695-A85E439EC91E}"
EndProject
Global
	GlobalSection(SolutionConfigurationPlatforms) = preSolution
		Debug|Any CPU = Debug|Any CPU
		Release|Any CPU = Release|Any CPU
	EndGlobalSection
	GlobalSection(ProjectConfigurationPlatforms) = postSolution
		{3095850F-A3A4-4720-9695-A85E439EC91E}.Debug|Any CPU.ActiveCfg = Debug|Any CPU
		{3095850F-A3A4-4720-9695-A85E439EC91E}.Debug|Any CPU.Build.0 = Debug|Any CPU
		{3095850F-A3A4-4720-9695-A85E439EC91E}.Release|Any CPU.ActiveCfg = Release|Any CPU
		{3095850F-A3A4-4720-9695-A85E439EC91E}.Release|Any CPU.Build.0 = Release|Any CPU
	EndGlobalSection
	GlobalSection(SolutionProperties) = preSolution
		HideSolutionNode = FALSE
	EndGlobalSection
EndGlobal
